
Microsoft Visual Studio Solution File, Format Version 12.00
# Visual Studio Version 16
VisualStudioVersion = 16.0.29709.97
MinimumVisualStudioVersion = 10.0.40219.1
Project("{FAE04EC0-301F-11D3-BF4B-00C04F79EFBC}") = "WebApplication1", "WebApplication1\WebApplication1.csproj", "{D42509A7-18AE-4C4A-97E6-D2E33BC2574B}"
EndProject
Global
	GlobalSection(SolutionConfigurationPlatforms) = preSolution
		Debug|Any CPU = Debug|Any CPU
		Release|Any CPU = Release|Any CPU
	EndGlobalSection
	GlobalSection(ProjectConfigurationPlatforms) = postSolution
		{D42509A7-18AE-4C4A-97E6-D2E33BC2574B}.Debug|Any CPU.ActiveCfg = Debug|Any CPU
		{D42509A7-18AE-4C4A-97E6-D2E33BC2574B}.Debug|Any CPU.Build.0 = Debug|Any CPU
		{D42509A7-18AE-4C4A-97E6-D2E33BC2574B}.Release|Any CPU.ActiveCfg = Release|Any CPU
		{D42509A7-18AE-4C4A-97E6-D2E33BC2574B}.Release|Any CPU.Build.0 = Release|Any CPU
	EndGlobalSection
	GlobalSection(SolutionProperties) = preSolution
		HideSolutionNode = FALSE
	EndGlobalSection
	GlobalSection(ExtensibilityGlobals) = postSolution
		SolutionGuid = {636CA02C-EF37-4AB1-818E-45F3A1BC7069}
	EndGlobalSection
EndGlobal
